// !$*UTF8*$!
{
	archiveVersion = 1;
	classes = {
	};
	objectVersion = 50;
	objects = {

/* Begin PBXBuildFile section */
		FA4E08D827142A030063453F /* VideoPlayerView.swift in Sources */ = {isa = PBXBuildFile; fileRef = FA4E08D727142A030063453F /* VideoPlayerView.swift */; };
		FA6AC63027107A7200AE1818 /* VideoLauncher.swift in Sources */ = {isa = PBXBuildFile; fileRef = FA6AC62F27107A7200AE1818 /* VideoLauncher.swift */; };
		FAC7D65D270F17BB0086FF91 /* AppDelegate.swift in Sources */ = {isa = PBXBuildFile; fileRef = FAC7D65C270F17BB0086FF91 /* AppDelegate.swift */; };
		FAC7D65F270F17BB0086FF91 /* SceneDelegate.swift in Sources */ = {isa = PBXBuildFile; fileRef = FAC7D65E270F17BB0086FF91 /* SceneDelegate.swift */; };
		FAC7D661270F17BB0086FF91 /* MainViewController.swift in Sources */ = {isa = PBXBuildFile; fileRef = FAC7D660270F17BB0086FF91 /* MainViewController.swift */; };
		FAC7D664270F17BB0086FF91 /* Main.storyboard in Resources */ = {isa = PBXBuildFile; fileRef = FAC7D662270F17BB0086FF91 /* Main.storyboard */; };
		FAC7D666270F17BD0086FF91 /* Assets.xcassets in Resources */ = {isa = PBXBuildFile; fileRef = FAC7D665270F17BD0086FF91 /* Assets.xcassets */; };
		FAC7D669270F17BD0086FF91 /* LaunchScreen.storyboard in Resources */ = {isa = PBXBuildFile; fileRef = FAC7D667270F17BD0086FF91 /* LaunchScreen.storyboard */; };
/* End PBXBuildFile section */

/* Begin PBXContainerItemProxy section */
		FA99386A271576C9002136D9 /* PBXContainerItemProxy */ = {
			isa = PBXContainerItemProxy;
			containerPortal = FAC7D651270F17BB0086FF91 /* Project object */;
			proxyType = 1;
			remoteGlobalIDString = FAC7D658270F17BB0086FF91;
			remoteInfo = "Youtube Clone";
		};
/* End PBXContainerItemProxy section */

/* Begin PBXFileReference section */
		FA4E08D727142A030063453F /* VideoPlayerView.swift */ = {isa = PBXFileReference; lastKnownFileType = sourcecode.swift; path = VideoPlayerView.swift; sourceTree = "<group>"; };
		FA6AC62F27107A7200AE1818 /* VideoLauncher.swift */ = {isa = PBXFileReference; lastKnownFileType = sourcecode.swift; path = VideoLauncher.swift; sourceTree = "<group>"; };
		FA993865271576C9002136D9 /* Youtube CloneTests.xctest */ = {isa = PBXFileReference; explicitFileType = wrapper.cfbundle; includeInIndex = 0; path = "Youtube CloneTests.xctest"; sourceTree = BUILT_PRODUCTS_DIR; };
		FAC7D659270F17BB0086FF91 /* Youtube Clone.app */ = {isa = PBXFileReference; explicitFileType = wrapper.application; includeInIndex = 0; path = "Youtube Clone.app"; sourceTree = BUILT_PRODUCTS_DIR; };
		FAC7D65C270F17BB0086FF91 /* AppDelegate.swift */ = {isa = PBXFileReference; lastKnownFileType = sourcecode.swift; path = AppDelegate.swift; sourceTree = "<group>"; };
		FAC7D65E270F17BB0086FF91 /* SceneDelegate.swift */ = {isa = PBXFileReference; lastKnownFileType = sourcecode.swift; path = SceneDelegate.swift; sourceTree = "<group>"; };
		FAC7D660270F17BB0086FF91 /* MainViewController.swift */ = {isa = PBXFileReference; lastKnownFileType = sourcecode.swift; path = MainViewController.swift; sourceTree = "<group>"; };
		FAC7D663270F17BB0086FF91 /* Base */ = {isa = PBXFileReference; lastKnownFileType = file.storyboard; name = Base; path = Base.lproj/Main.storyboard; sourceTree = "<group>"; };
		FAC7D665270F17BD0086FF91 /* Assets.xcassets */ = {isa = PBXFileReference; lastKnownFileType = folder.assetcatalog; path = Assets.xcassets; sourceTree = "<group>"; };
		FAC7D668270F17BD0086FF91 /* Base */ = {isa = PBXFileReference; lastKnownFileType = file.storyboard; name = Base; path = Base.lproj/LaunchScreen.storyboard; sourceTree = "<group>"; };
		FAC7D66A270F17BD0086FF91 /* Info.plist */ = {isa = PBXFileReference; lastKnownFileType = text.plist.xml; path = Info.plist; sourceTree = "<group>"; };
/* End PBXFileReference section */

/* Begin PBXFrameworksBuildPhase section */
		FA993862271576C9002136D9 /* Frameworks */ = {
			isa = PBXFrameworksBuildPhase;
			buildActionMask = 2147483647;
			files = (
			);
			runOnlyForDeploymentPostprocessing = 0;
		};
		FAC7D656270F17BB0086FF91 /* Frameworks */ = {
			isa = PBXFrameworksBuildPhase;
			buildActionMask = 2147483647;
			files = (
			);
			runOnlyForDeploymentPostprocessing = 0;
		};
/* End PBXFrameworksBuildPhase section */

/* Begin PBXGroup section */
		FA4E08D3271429970063453F /* Model */ = {
			isa = PBXGroup;
			children = (
			);
			path = Model;
			sourceTree = "<group>";
		};
		FA4E08D4271429A00063453F /* View */ = {
			isa = PBXGroup;
			children = (
				FA4E08D727142A030063453F /* VideoPlayerView.swift */,
			);
			path = View;
			sourceTree = "<group>";
		};
		FA4E08D5271429AC0063453F /* Controller */ = {
			isa = PBXGroup;
			children = (
				FAC7D660270F17BB0086FF91 /* MainViewController.swift */,
			);
			path = Controller;
			sourceTree = "<group>";
		};
		FA4E08D6271429E60063453F /* Helpers */ = {
			isa = PBXGroup;
			children = (
				FA6AC62F27107A7200AE1818 /* VideoLauncher.swift */,
			);
			path = Helpers;
			sourceTree = "<group>";
		};
		FA4E08DB27142A9A0063453F /* Supporting */ = {
			isa = PBXGroup;
			children = (
				FAC7D65C270F17BB0086FF91 /* AppDelegate.swift */,
				FAC7D65E270F17BB0086FF91 /* SceneDelegate.swift */,
				FAC7D662270F17BB0086FF91 /* Main.storyboard */,
				FAC7D665270F17BD0086FF91 /* Assets.xcassets */,
				FAC7D667270F17BD0086FF91 /* LaunchScreen.storyboard */,
				FAC7D66A270F17BD0086FF91 /* Info.plist */,
			);
			path = Supporting;
			sourceTree = "<group>";
		};
		FAC7D650270F17BB0086FF91 = {
			isa = PBXGroup;
			children = (
				FAC7D65B270F17BB0086FF91 /* Youtube Clone */,
				FAC7D65A270F17BB0086FF91 /* Products */,
			);
			sourceTree = "<group>";
		};
		FAC7D65A270F17BB0086FF91 /* Products */ = {
			isa = PBXGroup;
			children = (
				FAC7D659270F17BB0086FF91 /* Youtube Clone.app */,
				FA993865271576C9002136D9 /* Youtube CloneTests.xctest */,
			);
			name = Products;
			sourceTree = "<group>";
		};
		FAC7D65B270F17BB0086FF91 /* Youtube Clone */ = {
			isa = PBXGroup;
			children = (
				FA4E08D3271429970063453F /* Model */,
				FA4E08D4271429A00063453F /* View */,
				FA4E08D5271429AC0063453F /* Controller */,
				FA4E08D6271429E60063453F /* Helpers */,
				FA4E08DB27142A9A0063453F /* Supporting */,
			);
			path = "Youtube Clone";
			sourceTree = "<group>";
		};
/* End PBXGroup section */

/* Begin PBXNativeTarget section */
		FA993864271576C9002136D9 /* Youtube CloneTests */ = {
			isa = PBXNativeTarget;
			buildConfigurationList = FA99386E271576C9002136D9 /* Build configuration list for PBXNativeTarget "Youtube CloneTests" */;
			buildPhases = (
				FA993861271576C9002136D9 /* Sources */,
				FA993862271576C9002136D9 /* Frameworks */,
				FA993863271576C9002136D9 /* Resources */,
			);
			buildRules = (
			);
			dependencies = (
				FA99386B271576C9002136D9 /* PBXTargetDependency */,
			);
			name = "Youtube CloneTests";
			productName = "Youtube CloneTests";
			productReference = FA993865271576C9002136D9 /* Youtube CloneTests.xctest */;
			productType = "com.apple.product-type.bundle.unit-test";
		};
		FAC7D658270F17BB0086FF91 /* Youtube Clone */ = {
			isa = PBXNativeTarget;
			buildConfigurationList = FAC7D66D270F17BD0086FF91 /* Build configuration list for PBXNativeTarget "Youtube Clone" */;
			buildPhases = (
				FAC7D655270F17BB0086FF91 /* Sources */,
				FAC7D656270F17BB0086FF91 /* Frameworks */,
				FAC7D657270F17BB0086FF91 /* Resources */,
			);
			buildRules = (
			);
			dependencies = (
			);
			name = "Youtube Clone";
			productName = "Youtube Clone";
			productReference = FAC7D659270F17BB0086FF91 /* Youtube Clone.app */;
			productType = "com.apple.product-type.application";
		};
/* End PBXNativeTarget section */

/* Begin PBXProject section */
		FAC7D651270F17BB0086FF91 /* Project object */ = {
			isa = PBXProject;
			attributes = {
				LastSwiftUpdateCheck = 1240;
				LastUpgradeCheck = 1240;
				TargetAttributes = {
					FA993864271576C9002136D9 = {
						CreatedOnToolsVersion = 12.4;
						TestTargetID = FAC7D658270F17BB0086FF91;
					};
					FAC7D658270F17BB0086FF91 = {
						CreatedOnToolsVersion = 12.4;
					};
				};
			};
			buildConfigurationList = FAC7D654270F17BB0086FF91 /* Build configuration list for PBXProject "Youtube Clone" */;
			compatibilityVersion = "Xcode 9.3";
			developmentRegion = en;
			hasScannedForEncodings = 0;
			knownRegions = (
				en,
				Base,
			);
			mainGroup = FAC7D650270F17BB0086FF91;
			productRefGroup = FAC7D65A270F17BB0086FF91 /* Products */;
			projectDirPath = "";
			projectRoot = "";
			targets = (
				FAC7D658270F17BB0086FF91 /* Youtube Clone */,
				FA993864271576C9002136D9 /* Youtube CloneTests */,
			);
		};
/* End PBXProject section */

/* Begin PBXResourcesBuildPhase section */
		FA993863271576C9002136D9 /* Resources */ = {
			isa = PBXResourcesBuildPhase;
			buildActionMask = 2147483647;
			files = (
			);
			runOnlyForDeploymentPostprocessing = 0;
		};
		FAC7D657270F17BB0086FF91 /* Resources */ = {
			isa = PBXResourcesBuildPhase;
			buildActionMask = 2147483647;
			files = (
				FAC7D669270F17BD0086FF91 /* LaunchScreen.storyboard in Resources */,
				FAC7D666270F17BD0086FF91 /* Assets.xcassets in Resources */,
				FAC7D664270F17BB0086FF91 /* Main.storyboard in Resources */,
			);
			runOnlyForDeploymentPostprocessing = 0;
		};
/* End PBXResourcesBuildPhase section */

/* Begin PBXSourcesBuildPhase section */
		FA993861271576C9002136D9 /* Sources */ = {
			isa = PBXSourcesBuildPhase;
			buildActionMask = 2147483647;
			files = (
			);
			runOnlyForDeploymentPostprocessing = 0;
		};
		FAC7D655270F17BB0086FF91 /* Sources */ = {
			isa = PBXSourcesBuildPhase;
			buildActionMask = 2147483647;
			files = (
				FAC7D661270F17BB0086FF91 /* MainViewController.swift in Sources */,
				FAC7D65D270F17BB0086FF91 /* AppDelegate.swift in Sources */,
				FA6AC63027107A7200AE1818 /* VideoLauncher.swift in Sources */,
				FAC7D65F270F17BB0086FF91 /* SceneDelegate.swift in Sources */,
				FA4E08D827142A030063453F /* VideoPlayerView.swift in Sources */,
			);
			runOnlyForDeploymentPostprocessing = 0;
		};
/* End PBXSourcesBuildPhase section */

/* Begin PBXTargetDependency section */
		FA99386B271576C9002136D9 /* PBXTargetDependency */ = {
			isa = PBXTargetDependency;
			target = FAC7D658270F17BB0086FF91 /* Youtube Clone */;
			targetProxy = FA99386A271576C9002136D9 /* PBXContainerItemProxy */;
		};
/* End PBXTargetDependency section */

/* Begin PBXVariantGroup section */
		FAC7D662270F17BB0086FF91 /* Main.storyboard */ = {
			isa = PBXVariantGroup;
			children = (
				FAC7D663270F17BB0086FF91 /* Base */,
			);
			name = Main.storyboard;
			sourceTree = "<group>";
		};
		FAC7D667270F17BD0086FF91 /* LaunchScreen.storyboard */ = {
			isa = PBXVariantGroup;
			children = (
				FAC7D668270F17BD0086FF91 /* Base */,
			);
			name = LaunchScreen.storyboard;
			sourceTree = "<group>";
		};
/* End PBXVariantGroup section */

/* Begin XCBuildConfiguration section */
		FA99386C271576C9002136D9 /* Debug */ = {
			isa = XCBuildConfiguration;
			buildSettings = {
				BUNDLE_LOADER = "$(TEST_HOST)";
				CODE_SIGN_STYLE = Automatic;
				DEVELOPMENT_TEAM = 7KGV345WK9;
				INFOPLIST_FILE = "Youtube CloneTests/Info.plist";
				LD_RUNPATH_SEARCH_PATHS = (
					"$(inherited)",
					"@executable_path/Frameworks",
					"@loader_path/Frameworks",
				);
				PRODUCT_BUNDLE_IDENTIFIER = "com.serediucalex.Youtube-CloneTests";
				PRODUCT_NAME = "$(TARGET_NAME)";
				SWIFT_VERSION = 5.0;
				TARGETED_DEVICE_FAMILY = "1,2";
				TEST_HOST = "$(BUILT_PRODUCTS_DIR)/Youtube Clone.app/Youtube Clone";
			};
			name = Debug;
		};
		FA99386D271576C9002136D9 /* Release */ = {
			isa = XCBuildConfiguration;
			buildSettings = {
				BUNDLE_LOADER = "$(TEST_HOST)";
				CODE_SIGN_STYLE = Automatic;
				DEVELOPMENT_TEAM = 7KGV345WK9;
				INFOPLIST_FILE = "Youtube CloneTests/Info.plist";
				LD_RUNPATH_SEARCH_PATHS = (
					"$(inherited)",
					"@executable_path/Frameworks",
					"@loader_path/Frameworks",
				);
				PRODUCT_BUNDLE_IDENTIFIER = "com.serediucalex.Youtube-CloneTests";
				PRODUCT_NAME = "$(TARGET_NAME)";
				SWIFT_VERSION = 5.0;
				TARGETED_DEVICE_FAMILY = "1,2";
				TEST_HOST = "$(BUILT_PRODUCTS_DIR)/Youtube Clone.app/Youtube Clone";
			};
			name = Release;
		};
		FAC7D66B270F17BD0086FF91 /* Debug */ = {
			isa = XCBuildConfiguration;
			buildSettings = {
				ALWAYS_SEARCH_USER_PATHS = NO;
				CLANG_ANALYZER_NONNULL = YES;
				CLANG_ANALYZER_NUMBER_OBJECT_CONVERSION = YES_AGGRESSIVE;
				CLANG_CXX_LANGUAGE_STANDARD = "gnu++14";
				CLANG_CXX_LIBRARY = "libc++";
				CLANG_ENABLE_MODULES = YES;
				CLANG_ENABLE_OBJC_ARC = YES;
				CLANG_ENABLE_OBJC_WEAK = YES;
				CLANG_WARN_BLOCK_CAPTURE_AUTORELEASING = YES;
				CLANG_WARN_BOOL_CONVERSION = YES;
				CLANG_WARN_COMMA = YES;
				CLANG_WARN_CONSTANT_CONVERSION = YES;
				CLANG_WARN_DEPRECATED_OBJC_IMPLEMENTATIONS = YES;
				CLANG_WARN_DIRECT_OBJC_ISA_USAGE = YES_ERROR;
				CLANG_WARN_DOCUMENTATION_COMMENTS = YES;
				CLANG_WARN_EMPTY_BODY = YES;
				CLANG_WARN_ENUM_CONVERSION = YES;
				CLANG_WARN_INFINITE_RECURSION = YES;
				CLANG_WARN_INT_CONVERSION = YES;
				CLANG_WARN_NON_LITERAL_NULL_CONVERSION = YES;
				CLANG_WARN_OBJC_IMPLICIT_RETAIN_SELF = YES;
				CLANG_WARN_OBJC_LITERAL_CONVERSION = YES;
				CLANG_WARN_OBJC_ROOT_CLASS = YES_ERROR;
				CLANG_WARN_QUOTED_INCLUDE_IN_FRAMEWORK_HEADER = YES;
				CLANG_WARN_RANGE_LOOP_ANALYSIS = YES;
				CLANG_WARN_STRICT_PROTOTYPES = YES;
				CLANG_WARN_SUSPICIOUS_MOVE = YES;
				CLANG_WARN_UNGUARDED_AVAILABILITY = YES_AGGRESSIVE;
				CLANG_WARN_UNREACHABLE_CODE = YES;
				CLANG_WARN__DUPLICATE_METHOD_MATCH = YES;
				COPY_PHASE_STRIP = NO;
				DEBUG_INFORMATION_FORMAT = dwarf;
				ENABLE_STRICT_OBJC_MSGSEND = YES;
				ENABLE_TESTABILITY = YES;
				GCC_C_LANGUAGE_STANDARD = gnu11;
				GCC_DYNAMIC_NO_PIC = NO;
				GCC_NO_COMMON_BLOCKS = YES;
				GCC_OPTIMIZATION_LEVEL = 0;
				GCC_PREPROCESSOR_DEFINITIONS = (
					"DEBUG=1",
					"$(inherited)",
				);
				GCC_WARN_64_TO_32_BIT_CONVERSION = YES;
				GCC_WARN_ABOUT_RETURN_TYPE = YES_ERROR;
				GCC_WARN_UNDECLARED_SELECTOR = YES;
				GCC_WARN_UNINITIALIZED_AUTOS = YES_AGGRESSIVE;
				GCC_WARN_UNUSED_FUNCTION = YES;
				GCC_WARN_UNUSED_VARIABLE = YES;
				IPHONEOS_DEPLOYMENT_TARGET = 14.4;
				MTL_ENABLE_DEBUG_INFO = INCLUDE_SOURCE;
				MTL_FAST_MATH = YES;
				ONLY_ACTIVE_ARCH = YES;
				SDKROOT = iphoneos;
				SWIFT_ACTIVE_COMPILATION_CONDITIONS = DEBUG;
				SWIFT_OPTIMIZATION_LEVEL = "-Onone";
			};
			name = Debug;
		};
		FAC7D66C270F17BD0086FF91 /* Release */ = {
			isa = XCBuildConfiguration;
			buildSettings = {
				ALWAYS_SEARCH_USER_PATHS = NO;
				CLANG_ANALYZER_NONNULL = YES;
				CLANG_ANALYZER_NUMBER_OBJECT_CONVERSION = YES_AGGRESSIVE;
				CLANG_CXX_LANGUAGE_STANDARD = "gnu++14";
				CLANG_CXX_LIBRARY = "libc++";
				CLANG_ENABLE_MODULES = YES;
				CLANG_ENABLE_OBJC_ARC = YES;
				CLANG_ENABLE_OBJC_WEAK = YES;
				CLANG_WARN_BLOCK_CAPTURE_AUTORELEASING = YES;
				CLANG_WARN_BOOL_CONVERSION = YES;
				CLANG_WARN_COMMA = YES;
				CLANG_WARN_CONSTANT_CONVERSION = YES;
				CLANG_WARN_DEPRECATED_OBJC_IMPLEMENTATIONS = YES;
				CLANG_WARN_DIRECT_OBJC_ISA_USAGE = YES_ERROR;
				CLANG_WARN_DOCUMENTATION_COMMENTS = YES;
				CLANG_WARN_EMPTY_BODY = YES;
				CLANG_WARN_ENUM_CONVERSION = YES;
				CLANG_WARN_INFINITE_RECURSION = YES;
				CLANG_WARN_INT_CONVERSION = YES;
				CLANG_WARN_NON_LITERAL_NULL_CONVERSION = YES;
				CLANG_WARN_OBJC_IMPLICIT_RETAIN_SELF = YES;
				CLANG_WARN_OBJC_LITERAL_CONVERSION = YES;
				CLANG_WARN_OBJC_ROOT_CLASS = YES_ERROR;
				CLANG_WARN_QUOTED_INCLUDE_IN_FRAMEWORK_HEADER = YES;
				CLANG_WARN_RANGE_LOOP_ANALYSIS = YES;
				CLANG_WARN_STRICT_PROTOTYPES = YES;
				CLANG_WARN_SUSPICIOUS_MOVE = YES;
				CLANG_WARN_UNGUARDED_AVAILABILITY = YES_AGGRESSIVE;
				CLANG_WARN_UNREACHABLE_CODE = YES;
				CLANG_WARN__DUPLICATE_METHOD_MATCH = YES;
				COPY_PHASE_STRIP = NO;
				DEBUG_INFORMATION_FORMAT = "dwarf-with-dsym";
				ENABLE_NS_ASSERTIONS = NO;
				ENABLE_STRICT_OBJC_MSGSEND = YES;
				GCC_C_LANGUAGE_STANDARD = gnu11;
				GCC_NO_COMMON_BLOCKS = YES;
				GCC_WARN_64_TO_32_BIT_CONVERSION = YES;
				GCC_WARN_ABOUT_RETURN_TYPE = YES_ERROR;
				GCC_WARN_UNDECLARED_SELECTOR = YES;
				GCC_WARN_UNINITIALIZED_AUTOS = YES_AGGRESSIVE;
				GCC_WARN_UNUSED_FUNCTION = YES;
				GCC_WARN_UNUSED_VARIABLE = YES;
				IPHONEOS_DEPLOYMENT_TARGET = 14.4;
				MTL_ENABLE_DEBUG_INFO = NO;
				MTL_FAST_MATH = YES;
				SDKROOT = iphoneos;
				SWIFT_COMPILATION_MODE = wholemodule;
				SWIFT_OPTIMIZATION_LEVEL = "-O";
				VALIDATE_PRODUCT = YES;
			};
			name = Release;
		};
		FAC7D66E270F17BD0086FF91 /* Debug */ = {
			isa = XCBuildConfiguration;
			buildSettings = {
				ASSETCATALOG_COMPILER_APPICON_NAME = AppIcon;
				ASSETCATALOG_COMPILER_GLOBAL_ACCENT_COLOR_NAME = AccentColor;
				CODE_SIGN_STYLE = Automatic;
				DEVELOPMENT_TEAM = 7KGV345WK9;
				INFOPLIST_FILE = "Youtube Clone/Supporting/Info.plist";
				LD_RUNPATH_SEARCH_PATHS = (
					"$(inherited)",
					"@executable_path/Frameworks",
				);
				PRODUCT_BUNDLE_IDENTIFIER = "com.serediucalex.Youtube-Clone";
				PRODUCT_NAME = "$(TARGET_NAME)";
				SWIFT_VERSION = 5.0;
				TARGETED_DEVICE_FAMILY = "1,2";
			};
			name = Debug;
		};
		FAC7D66F270F17BD0086FF91 /* Release */ = {
			isa = XCBuildConfiguration;
			buildSettings = {
				ASSETCATALOG_COMPILER_APPICON_NAME = AppIcon;
				ASSETCATALOG_COMPILER_GLOBAL_ACCENT_COLOR_NAME = AccentColor;
				CODE_SIGN_STYLE = Automatic;
				DEVELOPMENT_TEAM = 7KGV345WK9;
				INFOPLIST_FILE = "Youtube Clone/Supporting/Info.plist";
				LD_RUNPATH_SEARCH_PATHS = (
					"$(inherited)",
					"@executable_path/Frameworks",
				);
				PRODUCT_BUNDLE_IDENTIFIER = "com.serediucalex.Youtube-Clone";
				PRODUCT_NAME = "$(TARGET_NAME)";
				SWIFT_VERSION = 5.0;
				TARGETED_DEVICE_FAMILY = "1,2";
			};
			name = Release;
		};
/* End XCBuildConfiguration section */

/* Begin XCConfigurationList section */
		FA99386E271576C9002136D9 /* Build configuration list for PBXNativeTarget "Youtube CloneTests" */ = {
			isa = XCConfigurationList;
			buildConfigurations = (
				FA99386C271576C9002136D9 /* Debug */,
				FA99386D271576C9002136D9 /* Release */,
			);
			defaultConfigurationIsVisible = 0;
			defaultConfigurationName = Release;
		};
		FAC7D654270F17BB0086FF91 /* Build configuration list for PBXProject "Youtube Clone" */ = {
			isa = XCConfigurationList;
			buildConfigurations = (
				FAC7D66B270F17BD0086FF91 /* Debug */,
				FAC7D66C270F17BD0086FF91 /* Release */,
			);
			defaultConfigurationIsVisible = 0;
			defaultConfigurationName = Release;
		};
		FAC7D66D270F17BD0086FF91 /* Build configuration list for PBXNativeTarget "Youtube Clone" */ = {
			isa = XCConfigurationList;
			buildConfigurations = (
				FAC7D66E270F17BD0086FF91 /* Debug */,
				FAC7D66F270F17BD0086FF91 /* Release */,
			);
			defaultConfigurationIsVisible = 0;
			defaultConfigurationName = Release;
		};
/* End XCConfigurationList section */
	};
	rootObject = FAC7D651270F17BB0086FF91 /* Project object */;
}
